dependencies:
- name: cf2cnp
  repository: https://ephico2real2.github.io/cf2cnp
  version: 0.6.1
- name: hubble-policy-verdicts
  repository: https://ephico2real2.github.io/hubble-policy-verdicts
  version: 0.2.0
digest: sha256:8c86e76229fd3de228b0e525e82ec6e146aa5bfa4867fde8488d74179c307cac
generated: "2026-09-13T06:37:09.069815-05:00"
